
Microsoft Visual Studio Solution File, Format Version 12.00
# Visual Studio Version 16
VisualStudioVersion = 16.0.29215.179
MinimumVisualStudioVersion = 10.0.40219.1
Project("{FAE04EC0-301F-11D3-BF4B-00C04F79EFBC}") = "QrGenerator", "QrGenerator\QrGenerator.csproj", "{69C4E8B9-CAB9-4147-B764-72242D66B2BB}"
EndProject
Global
	GlobalSection(SolutionConfigurationPlatforms) = preSolution
		AppVeyor|Any CPU = AppVeyor|Any CPU
		Debug|Any CPU = Debug|Any CPU
		Release|Any CPU = Release|Any CPU
	EndGlobalSection
	GlobalSection(ProjectConfigurationPlatforms) = postSolution
		{69C4E8B9-CAB9-4147-B764-72242D66B2BB}.AppVeyor|Any CPU.ActiveCfg = Release|Any CPU
		{69C4E8B9-CAB9-4147-B764-72242D66B2BB}.AppVeyor|Any CPU.Build.0 = Release|Any CPU
		{69C4E8B9-CAB9-4147-B764-72242D66B2BB}.Debug|Any CPU.ActiveCfg = Debug|Any CPU
		{69C4E8B9-CAB9-4147-B764-72242D66B2BB}.Debug|Any CPU.Build.0 = Debug|Any CPU
		{69C4E8B9-CAB9-4147-B764-72242D66B2BB}.Release|Any CPU.ActiveCfg = Release|Any CPU
		{69C4E8B9-CAB9-4147-B764-72242D66B2BB}.Release|Any CPU.Build.0 = Release|Any CPU
	EndGlobalSection
	GlobalSection(SolutionProperties) = preSolution
		HideSolutionNode = FALSE
	EndGlobalSection
	GlobalSection(ExtensibilityGlobals) = postSolution
		SolutionGuid = {CFF7C2C2-E3E3-4D00-87ED-681E8F9E04E2}
	EndGlobalSection
EndGlobal
