
Microsoft Visual Studio Solution File, Format Version 12.00
# Visual Studio Version 16
VisualStudioVersion = 16.0.29215.179
MinimumVisualStudioVersion = 10.0.40219.1
Project("{FAE04EC0-301F-11D3-BF4B-00C04F79EFBC}") = "QrGenerator", "QrGenerator\QrGenerator.csproj", "{69C4E8B9-CAB9-4147-B764-72242D66B2BB}"
EndProject
Project("{FAE04EC0-301F-11D3-BF4B-00C04F79EFBC}") = "Radiobutton-Customcontrol", "Radiobutton-Customcontrol\Radiobutton-Customcontrol.csproj", "{52A19C79-E96E-4E9F-AC08-36938921759F}"
EndProject
Project("{FAE04EC0-301F-11D3-BF4B-00C04F79EFBC}") = "PCcafe-food-order-App-client", "PCcafe-food-order-App-client\PCcafe-food-order-App-client.csproj", "{CF6D1C03-49DC-4DAE-B9AA-A7301A5E48F0}"
EndProject
Project("{FAE04EC0-301F-11D3-BF4B-00C04F79EFBC}") = "Yonah", "Yonah\Yonah.csproj", "{DACADECF-0F94-44DE-B314-121968737BFA}"
EndProject
Project("{2150E333-8FDC-42A3-9474-1A3956D46DE8}") = "Windows-XAML-FE-TIL", "Windows-XAML-FE-TIL", "{077A0691-4ED6-4048-B106-9CE84EB9BD29}"
EndProject
Project("{2150E333-8FDC-42A3-9474-1A3956D46DE8}") = "DispatcherObject", "DispatcherObject", "{3A6FA497-D0E8-466D-86FE-EC803F8C3E30}"
EndProject
Project("{FAE04EC0-301F-11D3-BF4B-00C04F79EFBC}") = "WPF-DispatcherObject", "DispatcherObject\WPF-DispatcherObject.csproj", "{E95381B8-BABC-40AA-8F43-742960C31E39}"
EndProject
Project("{2150E333-8FDC-42A3-9474-1A3956D46DE8}") = "Dependency Object", "Dependency Object", "{CD2BEFF3-C093-4F54-8AF0-C68F4298E704}"
EndProject
Project("{FAE04EC0-301F-11D3-BF4B-00C04F79EFBC}") = "WPFDependencyObject", "WPFDependencyObject\WPFDependencyObject.csproj", "{7B1CE880-241D-4162-BBF9-4AB63255499A}"
EndProject
Project("{FAE04EC0-301F-11D3-BF4B-00C04F79EFBC}") = "UWP-DependencyObject", "UWP-DependencyObject\UWP-DependencyObject.csproj", "{291F73E6-0E3B-4C2D-833F-620421E47916}"
EndProject
Project("{2150E333-8FDC-42A3-9474-1A3956D46DE8}") = "Animation", "Animation", "{A50826DD-DB94-4CEC-A943-4481E5E9D464}"
EndProject
Project("{FAE04EC0-301F-11D3-BF4B-00C04F79EFBC}") = "Animation", "Animation\Animation.csproj", "{9E75436C-4D36-49CE-A136-7E75090DC5BA}"
EndProject
Project("{2150E333-8FDC-42A3-9474-1A3956D46DE8}") = "ComboBox", "ComboBox", "{7B164D8F-EAB3-4AA7-BB72-02AD0DB69370}"
	ProjectSection(SolutionItems) = preProject
		ComboBox\Readme.md = ComboBox\Readme.md
	EndProjectSection
EndProject
Project("{FAE04EC0-301F-11D3-BF4B-00C04F79EFBC}") = "ComboBox-grouping-visible", "ComboBox\ComboBox-grouping-visible.csproj", "{5FA0CABD-0F5B-48E1-A608-BA0B4172E4BF}"
EndProject
Project("{FAE04EC0-301F-11D3-BF4B-00C04F79EFBC}") = "Kmong-Lotto-Number-Comparison", "Kmong-Lotto-Number-Comparison\Kmong-Lotto-Number-Comparison.csproj", "{23B1CCEC-A8D0-4568-80F5-CDF86AF2738D}"
EndProject
Project("{FAE04EC0-301F-11D3-BF4B-00C04F79EFBC}") = "Combobox-SelectedItem-PropertyChange", "Combobox-SelectedItem-PropertyChange\Combobox-SelectedItem-PropertyChange.csproj", "{EEEA62A9-7F91-485F-8062-E7966094878B}"
EndProject
Project("{2150E333-8FDC-42A3-9474-1A3956D46DE8}") = "Tirgger", "Tirgger", "{B59EB58A-2F15-486B-AAB4-1BC2AFE8F497}"
EndProject
Project("{FAE04EC0-301F-11D3-BF4B-00C04F79EFBC}") = "Trigger", "Trigger\Trigger.csproj", "{65286833-D2A7-4B55-9F01-6DC0B65BAFD2}"
EndProject
Project("{FAE04EC0-301F-11D3-BF4B-00C04F79EFBC}") = "AddExtendedFileAttributes", "AddExtendedFileAttributes\AddExtendedFileAttributes.csproj", "{0E7A6B6D-9246-40D7-884D-80FC3A231763}"
EndProject
Project("{FAE04EC0-301F-11D3-BF4B-00C04F79EFBC}") = "ComboBox_with_InerfaceItem_TwoWayBinding", "ComboBox_with_InerfaceItem_TwoWayBinding\ComboBox_with_InerfaceItem_TwoWayBinding.csproj", "{FCF4A871-D51F-4CCF-837E-5D550B39A888}"
EndProject
Project("{FAE04EC0-301F-11D3-BF4B-00C04F79EFBC}") = "Kmong-Simple-LoginPage", "Kmong-Simple-LoginPage\Kmong-Simple-LoginPage.csproj", "{87BB0EA0-A04A-4932-B240-1E823AEE51D1}"
EndProject
Global
	GlobalSection(SolutionConfigurationPlatforms) = preSolution
		AppVeyor|Any CPU = AppVeyor|Any CPU
		AppVeyor|ARM = AppVeyor|ARM
		AppVeyor|ARM64 = AppVeyor|ARM64
		AppVeyor|x64 = AppVeyor|x64
		AppVeyor|x86 = AppVeyor|x86
		Debug|Any CPU = Debug|Any CPU
		Debug|ARM = Debug|ARM
		Debug|ARM64 = Debug|ARM64
		Debug|x64 = Debug|x64
		Debug|x86 = Debug|x86
		Release|Any CPU = Release|Any CPU
		Release|ARM = Release|ARM
		Release|ARM64 = Release|ARM64
		Release|x64 = Release|x64
		Release|x86 = Release|x86
	EndGlobalSection
	GlobalSection(ProjectConfigurationPlatforms) = postSolution
		{69C4E8B9-CAB9-4147-B764-72242D66B2BB}.AppVeyor|Any CPU.ActiveCfg = Release|Any CPU
		{69C4E8B9-CAB9-4147-B764-72242D66B2BB}.AppVeyor|Any CPU.Build.0 = Release|Any CPU
		{69C4E8B9-CAB9-4147-B764-72242D66B2BB}.AppVeyor|ARM.ActiveCfg = Debug|Any CPU
		{69C4E8B9-CAB9-4147-B764-72242D66B2BB}.AppVeyor|ARM.Build.0 = Debug|Any CPU
		{69C4E8B9-CAB9-4147-B764-72242D66B2BB}.AppVeyor|ARM64.ActiveCfg = Debug|Any CPU
		{69C4E8B9-CAB9-4147-B764-72242D66B2BB}.AppVeyor|ARM64.Build.0 = Debug|Any CPU
		{69C4E8B9-CAB9-4147-B764-72242D66B2BB}.AppVeyor|x64.ActiveCfg = Debug|Any CPU
		{69C4E8B9-CAB9-4147-B764-72242D66B2BB}.AppVeyor|x64.Build.0 = Debug|Any CPU
		{69C4E8B9-CAB9-4147-B764-72242D66B2BB}.AppVeyor|x86.ActiveCfg = Debug|Any CPU
		{69C4E8B9-CAB9-4147-B764-72242D66B2BB}.AppVeyor|x86.Build.0 = Debug|Any CPU
		{69C4E8B9-CAB9-4147-B764-72242D66B2BB}.Debug|Any CPU.ActiveCfg = Debug|Any CPU
		{69C4E8B9-CAB9-4147-B764-72242D66B2BB}.Debug|Any CPU.Build.0 = Debug|Any CPU
		{69C4E8B9-CAB9-4147-B764-72242D66B2BB}.Debug|ARM.ActiveCfg = Debug|Any CPU
		{69C4E8B9-CAB9-4147-B764-72242D66B2BB}.Debug|ARM.Build.0 = Debug|Any CPU
		{69C4E8B9-CAB9-4147-B764-72242D66B2BB}.Debug|ARM64.ActiveCfg = Debug|Any CPU
		{69C4E8B9-CAB9-4147-B764-72242D66B2BB}.Debug|ARM64.Build.0 = Debug|Any CPU
		{69C4E8B9-CAB9-4147-B764-72242D66B2BB}.Debug|x64.ActiveCfg = Debug|Any CPU
		{69C4E8B9-CAB9-4147-B764-72242D66B2BB}.Debug|x64.Build.0 = Debug|Any CPU
		{69C4E8B9-CAB9-4147-B764-72242D66B2BB}.Debug|x86.ActiveCfg = Debug|Any CPU
		{69C4E8B9-CAB9-4147-B764-72242D66B2BB}.Debug|x86.Build.0 = Debug|Any CPU
		{69C4E8B9-CAB9-4147-B764-72242D66B2BB}.Release|Any CPU.ActiveCfg = Release|Any CPU
		{69C4E8B9-CAB9-4147-B764-72242D66B2BB}.Release|Any CPU.Build.0 = Release|Any CPU
		{69C4E8B9-CAB9-4147-B764-72242D66B2BB}.Release|ARM.ActiveCfg = Release|Any CPU
		{69C4E8B9-CAB9-4147-B764-72242D66B2BB}.Release|ARM.Build.0 = Release|Any CPU
		{69C4E8B9-CAB9-4147-B764-72242D66B2BB}.Release|ARM64.ActiveCfg = Release|Any CPU
		{69C4E8B9-CAB9-4147-B764-72242D66B2BB}.Release|ARM64.Build.0 = Release|Any CPU
		{69C4E8B9-CAB9-4147-B764-72242D66B2BB}.Release|x64.ActiveCfg = Release|Any CPU
		{69C4E8B9-CAB9-4147-B764-72242D66B2BB}.Release|x64.Build.0 = Release|Any CPU
		{69C4E8B9-CAB9-4147-B764-72242D66B2BB}.Release|x86.ActiveCfg = Release|Any CPU
		{69C4E8B9-CAB9-4147-B764-72242D66B2BB}.Release|x86.Build.0 = Release|Any CPU
		{52A19C79-E96E-4E9F-AC08-36938921759F}.AppVeyor|Any CPU.ActiveCfg = Release|Any CPU
		{52A19C79-E96E-4E9F-AC08-36938921759F}.AppVeyor|Any CPU.Build.0 = Release|Any CPU
		{52A19C79-E96E-4E9F-AC08-36938921759F}.AppVeyor|ARM.ActiveCfg = Debug|Any CPU
		{52A19C79-E96E-4E9F-AC08-36938921759F}.AppVeyor|ARM.Build.0 = Debug|Any CPU
		{52A19C79-E96E-4E9F-AC08-36938921759F}.AppVeyor|ARM64.ActiveCfg = Debug|Any CPU
		{52A19C79-E96E-4E9F-AC08-36938921759F}.AppVeyor|ARM64.Build.0 = Debug|Any CPU
		{52A19C79-E96E-4E9F-AC08-36938921759F}.AppVeyor|x64.ActiveCfg = Debug|Any CPU
		{52A19C79-E96E-4E9F-AC08-36938921759F}.AppVeyor|x64.Build.0 = Debug|Any CPU
		{52A19C79-E96E-4E9F-AC08-36938921759F}.AppVeyor|x86.ActiveCfg = Debug|Any CPU
		{52A19C79-E96E-4E9F-AC08-36938921759F}.AppVeyor|x86.Build.0 = Debug|Any CPU
		{52A19C79-E96E-4E9F-AC08-36938921759F}.Debug|Any CPU.ActiveCfg = Debug|Any CPU
		{52A19C79-E96E-4E9F-AC08-36938921759F}.Debug|Any CPU.Build.0 = Debug|Any CPU
		{52A19C79-E96E-4E9F-AC08-36938921759F}.Debug|ARM.ActiveCfg = Debug|Any CPU
		{52A19C79-E96E-4E9F-AC08-36938921759F}.Debug|ARM.Build.0 = Debug|Any CPU
		{52A19C79-E96E-4E9F-AC08-36938921759F}.Debug|ARM64.ActiveCfg = Debug|Any CPU
		{52A19C79-E96E-4E9F-AC08-36938921759F}.Debug|ARM64.Build.0 = Debug|Any CPU
		{52A19C79-E96E-4E9F-AC08-36938921759F}.Debug|x64.ActiveCfg = Debug|Any CPU
		{52A19C79-E96E-4E9F-AC08-36938921759F}.Debug|x64.Build.0 = Debug|Any CPU
		{52A19C79-E96E-4E9F-AC08-36938921759F}.Debug|x86.ActiveCfg = Debug|Any CPU
		{52A19C79-E96E-4E9F-AC08-36938921759F}.Debug|x86.Build.0 = Debug|Any CPU
		{52A19C79-E96E-4E9F-AC08-36938921759F}.Release|Any CPU.ActiveCfg = Release|Any CPU
		{52A19C79-E96E-4E9F-AC08-36938921759F}.Release|Any CPU.Build.0 = Release|Any CPU
		{52A19C79-E96E-4E9F-AC08-36938921759F}.Release|ARM.ActiveCfg = Release|Any CPU
		{52A19C79-E96E-4E9F-AC08-36938921759F}.Release|ARM.Build.0 = Release|Any CPU
		{52A19C79-E96E-4E9F-AC08-36938921759F}.Release|ARM64.ActiveCfg = Release|Any CPU
		{52A19C79-E96E-4E9F-AC08-36938921759F}.Release|ARM64.Build.0 = Release|Any CPU
		{52A19C79-E96E-4E9F-AC08-36938921759F}.Release|x64.ActiveCfg = Release|Any CPU
		{52A19C79-E96E-4E9F-AC08-36938921759F}.Release|x64.Build.0 = Release|Any CPU
		{52A19C79-E96E-4E9F-AC08-36938921759F}.Release|x86.ActiveCfg = Release|Any CPU
		{52A19C79-E96E-4E9F-AC08-36938921759F}.Release|x86.Build.0 = Release|Any CPU
		{CF6D1C03-49DC-4DAE-B9AA-A7301A5E48F0}.AppVeyor|Any CPU.ActiveCfg = Release|Any CPU
		{CF6D1C03-49DC-4DAE-B9AA-A7301A5E48F0}.AppVeyor|Any CPU.Build.0 = Release|Any CPU
		{CF6D1C03-49DC-4DAE-B9AA-A7301A5E48F0}.AppVeyor|ARM.ActiveCfg = Debug|Any CPU
		{CF6D1C03-49DC-4DAE-B9AA-A7301A5E48F0}.AppVeyor|ARM.Build.0 = Debug|Any CPU
		{CF6D1C03-49DC-4DAE-B9AA-A7301A5E48F0}.AppVeyor|ARM64.ActiveCfg = Debug|Any CPU
		{CF6D1C03-49DC-4DAE-B9AA-A7301A5E48F0}.AppVeyor|ARM64.Build.0 = Debug|Any CPU
		{CF6D1C03-49DC-4DAE-B9AA-A7301A5E48F0}.AppVeyor|x64.ActiveCfg = Debug|Any CPU
		{CF6D1C03-49DC-4DAE-B9AA-A7301A5E48F0}.AppVeyor|x64.Build.0 = Debug|Any CPU
		{CF6D1C03-49DC-4DAE-B9AA-A7301A5E48F0}.AppVeyor|x86.ActiveCfg = Debug|Any CPU
		{CF6D1C03-49DC-4DAE-B9AA-A7301A5E48F0}.AppVeyor|x86.Build.0 = Debug|Any CPU
		{CF6D1C03-49DC-4DAE-B9AA-A7301A5E48F0}.Debug|Any CPU.ActiveCfg = Debug|Any CPU
		{CF6D1C03-49DC-4DAE-B9AA-A7301A5E48F0}.Debug|Any CPU.Build.0 = Debug|Any CPU
		{CF6D1C03-49DC-4DAE-B9AA-A7301A5E48F0}.Debug|ARM.ActiveCfg = Debug|Any CPU
		{CF6D1C03-49DC-4DAE-B9AA-A7301A5E48F0}.Debug|ARM.Build.0 = Debug|Any CPU
		{CF6D1C03-49DC-4DAE-B9AA-A7301A5E48F0}.Debug|ARM64.ActiveCfg = Debug|Any CPU
		{CF6D1C03-49DC-4DAE-B9AA-A7301A5E48F0}.Debug|ARM64.Build.0 = Debug|Any CPU
		{CF6D1C03-49DC-4DAE-B9AA-A7301A5E48F0}.Debug|x64.ActiveCfg = Debug|Any CPU
		{CF6D1C03-49DC-4DAE-B9AA-A7301A5E48F0}.Debug|x64.Build.0 = Debug|Any CPU
		{CF6D1C03-49DC-4DAE-B9AA-A7301A5E48F0}.Debug|x86.ActiveCfg = Debug|Any CPU
		{CF6D1C03-49DC-4DAE-B9AA-A7301A5E48F0}.Debug|x86.Build.0 = Debug|Any CPU
		{CF6D1C03-49DC-4DAE-B9AA-A7301A5E48F0}.Release|Any CPU.ActiveCfg = Release|Any CPU
		{CF6D1C03-49DC-4DAE-B9AA-A7301A5E48F0}.Release|Any CPU.Build.0 = Release|Any CPU
		{CF6D1C03-49DC-4DAE-B9AA-A7301A5E48F0}.Release|ARM.ActiveCfg = Release|Any CPU
		{CF6D1C03-49DC-4DAE-B9AA-A7301A5E48F0}.Release|ARM.Build.0 = Release|Any CPU
		{CF6D1C03-49DC-4DAE-B9AA-A7301A5E48F0}.Release|ARM64.ActiveCfg = Release|Any CPU
		{CF6D1C03-49DC-4DAE-B9AA-A7301A5E48F0}.Release|ARM64.Build.0 = Release|Any CPU
		{CF6D1C03-49DC-4DAE-B9AA-A7301A5E48F0}.Release|x64.ActiveCfg = Release|Any CPU
		{CF6D1C03-49DC-4DAE-B9AA-A7301A5E48F0}.Release|x64.Build.0 = Release|Any CPU
		{CF6D1C03-49DC-4DAE-B9AA-A7301A5E48F0}.Release|x86.ActiveCfg = Release|Any CPU
		{CF6D1C03-49DC-4DAE-B9AA-A7301A5E48F0}.Release|x86.Build.0 = Release|Any CPU
		{DACADECF-0F94-44DE-B314-121968737BFA}.AppVeyor|Any CPU.ActiveCfg = Release|Any CPU
		{DACADECF-0F94-44DE-B314-121968737BFA}.AppVeyor|Any CPU.Build.0 = Release|Any CPU
		{DACADECF-0F94-44DE-B314-121968737BFA}.AppVeyor|ARM.ActiveCfg = Debug|Any CPU
		{DACADECF-0F94-44DE-B314-121968737BFA}.AppVeyor|ARM.Build.0 = Debug|Any CPU
		{DACADECF-0F94-44DE-B314-121968737BFA}.AppVeyor|ARM64.ActiveCfg = Debug|Any CPU
		{DACADECF-0F94-44DE-B314-121968737BFA}.AppVeyor|ARM64.Build.0 = Debug|Any CPU
		{DACADECF-0F94-44DE-B314-121968737BFA}.AppVeyor|x64.ActiveCfg = Debug|Any CPU
		{DACADECF-0F94-44DE-B314-121968737BFA}.AppVeyor|x64.Build.0 = Debug|Any CPU
		{DACADECF-0F94-44DE-B314-121968737BFA}.AppVeyor|x86.ActiveCfg = Debug|Any CPU
		{DACADECF-0F94-44DE-B314-121968737BFA}.AppVeyor|x86.Build.0 = Debug|Any CPU
		{DACADECF-0F94-44DE-B314-121968737BFA}.Debug|Any CPU.ActiveCfg = Debug|Any CPU
		{DACADECF-0F94-44DE-B314-121968737BFA}.Debug|Any CPU.Build.0 = Debug|Any CPU
		{DACADECF-0F94-44DE-B314-121968737BFA}.Debug|ARM.ActiveCfg = Debug|Any CPU
		{DACADECF-0F94-44DE-B314-121968737BFA}.Debug|ARM.Build.0 = Debug|Any CPU
		{DACADECF-0F94-44DE-B314-121968737BFA}.Debug|ARM64.ActiveCfg = Debug|Any CPU
		{DACADECF-0F94-44DE-B314-121968737BFA}.Debug|ARM64.Build.0 = Debug|Any CPU
		{DACADECF-0F94-44DE-B314-121968737BFA}.Debug|x64.ActiveCfg = Debug|Any CPU
		{DACADECF-0F94-44DE-B314-121968737BFA}.Debug|x64.Build.0 = Debug|Any CPU
		{DACADECF-0F94-44DE-B314-121968737BFA}.Debug|x86.ActiveCfg = Debug|Any CPU
		{DACADECF-0F94-44DE-B314-121968737BFA}.Debug|x86.Build.0 = Debug|Any CPU
		{DACADECF-0F94-44DE-B314-121968737BFA}.Release|Any CPU.ActiveCfg = Release|Any CPU
		{DACADECF-0F94-44DE-B314-121968737BFA}.Release|Any CPU.Build.0 = Release|Any CPU
		{DACADECF-0F94-44DE-B314-121968737BFA}.Release|ARM.ActiveCfg = Release|Any CPU
		{DACADECF-0F94-44DE-B314-121968737BFA}.Release|ARM.Build.0 = Release|Any CPU
		{DACADECF-0F94-44DE-B314-121968737BFA}.Release|ARM64.ActiveCfg = Release|Any CPU
		{DACADECF-0F94-44DE-B314-121968737BFA}.Release|ARM64.Build.0 = Release|Any CPU
		{DACADECF-0F94-44DE-B314-121968737BFA}.Release|x64.ActiveCfg = Release|Any CPU
		{DACADECF-0F94-44DE-B314-121968737BFA}.Release|x64.Build.0 = Release|Any CPU
		{DACADECF-0F94-44DE-B314-121968737BFA}.Release|x86.ActiveCfg = Release|Any CPU
		{DACADECF-0F94-44DE-B314-121968737BFA}.Release|x86.Build.0 = Release|Any CPU
		{E95381B8-BABC-40AA-8F43-742960C31E39}.AppVeyor|Any CPU.ActiveCfg = Release|Any CPU
		{E95381B8-BABC-40AA-8F43-742960C31E39}.AppVeyor|Any CPU.Build.0 = Release|Any CPU
		{E95381B8-BABC-40AA-8F43-742960C31E39}.AppVeyor|ARM.ActiveCfg = Debug|Any CPU
		{E95381B8-BABC-40AA-8F43-742960C31E39}.AppVeyor|ARM.Build.0 = Debug|Any CPU
		{E95381B8-BABC-40AA-8F43-742960C31E39}.AppVeyor|ARM64.ActiveCfg = Debug|Any CPU
		{E95381B8-BABC-40AA-8F43-742960C31E39}.AppVeyor|ARM64.Build.0 = Debug|Any CPU
		{E95381B8-BABC-40AA-8F43-742960C31E39}.AppVeyor|x64.ActiveCfg = Debug|Any CPU
		{E95381B8-BABC-40AA-8F43-742960C31E39}.AppVeyor|x64.Build.0 = Debug|Any CPU
		{E95381B8-BABC-40AA-8F43-742960C31E39}.AppVeyor|x86.ActiveCfg = Debug|Any CPU
		{E95381B8-BABC-40AA-8F43-742960C31E39}.AppVeyor|x86.Build.0 = Debug|Any CPU
		{E95381B8-BABC-40AA-8F43-742960C31E39}.Debug|Any CPU.ActiveCfg = Debug|Any CPU
		{E95381B8-BABC-40AA-8F43-742960C31E39}.Debug|Any CPU.Build.0 = Debug|Any CPU
		{E95381B8-BABC-40AA-8F43-742960C31E39}.Debug|ARM.ActiveCfg = Debug|Any CPU
		{E95381B8-BABC-40AA-8F43-742960C31E39}.Debug|ARM.Build.0 = Debug|Any CPU
		{E95381B8-BABC-40AA-8F43-742960C31E39}.Debug|ARM64.ActiveCfg = Debug|Any CPU
		{E95381B8-BABC-40AA-8F43-742960C31E39}.Debug|ARM64.Build.0 = Debug|Any CPU
		{E95381B8-BABC-40AA-8F43-742960C31E39}.Debug|x64.ActiveCfg = Debug|Any CPU
		{E95381B8-BABC-40AA-8F43-742960C31E39}.Debug|x64.Build.0 = Debug|Any CPU
		{E95381B8-BABC-40AA-8F43-742960C31E39}.Debug|x86.ActiveCfg = Debug|Any CPU
		{E95381B8-BABC-40AA-8F43-742960C31E39}.Debug|x86.Build.0 = Debug|Any CPU
		{E95381B8-BABC-40AA-8F43-742960C31E39}.Release|Any CPU.ActiveCfg = Release|Any CPU
		{E95381B8-BABC-40AA-8F43-742960C31E39}.Release|Any CPU.Build.0 = Release|Any CPU
		{E95381B8-BABC-40AA-8F43-742960C31E39}.Release|ARM.ActiveCfg = Release|Any CPU
		{E95381B8-BABC-40AA-8F43-742960C31E39}.Release|ARM.Build.0 = Release|Any CPU
		{E95381B8-BABC-40AA-8F43-742960C31E39}.Release|ARM64.ActiveCfg = Release|Any CPU
		{E95381B8-BABC-40AA-8F43-742960C31E39}.Release|ARM64.Build.0 = Release|Any CPU
		{E95381B8-BABC-40AA-8F43-742960C31E39}.Release|x64.ActiveCfg = Release|Any CPU
		{E95381B8-BABC-40AA-8F43-742960C31E39}.Release|x64.Build.0 = Release|Any CPU
		{E95381B8-BABC-40AA-8F43-742960C31E39}.Release|x86.ActiveCfg = Release|Any CPU
		{E95381B8-BABC-40AA-8F43-742960C31E39}.Release|x86.Build.0 = Release|Any CPU
		{7B1CE880-241D-4162-BBF9-4AB63255499A}.AppVeyor|Any CPU.ActiveCfg = Release|Any CPU
		{7B1CE880-241D-4162-BBF9-4AB63255499A}.AppVeyor|Any CPU.Build.0 = Release|Any CPU
		{7B1CE880-241D-4162-BBF9-4AB63255499A}.AppVeyor|ARM.ActiveCfg = Release|Any CPU
		{7B1CE880-241D-4162-BBF9-4AB63255499A}.AppVeyor|ARM.Build.0 = Release|Any CPU
		{7B1CE880-241D-4162-BBF9-4AB63255499A}.AppVeyor|ARM64.ActiveCfg = Release|Any CPU
		{7B1CE880-241D-4162-BBF9-4AB63255499A}.AppVeyor|ARM64.Build.0 = Release|Any CPU
		{7B1CE880-241D-4162-BBF9-4AB63255499A}.AppVeyor|x64.ActiveCfg = Release|Any CPU
		{7B1CE880-241D-4162-BBF9-4AB63255499A}.AppVeyor|x64.Build.0 = Release|Any CPU
		{7B1CE880-241D-4162-BBF9-4AB63255499A}.AppVeyor|x86.ActiveCfg = Release|Any CPU
		{7B1CE880-241D-4162-BBF9-4AB63255499A}.AppVeyor|x86.Build.0 = Release|Any CPU
		{7B1CE880-241D-4162-BBF9-4AB63255499A}.Debug|Any CPU.ActiveCfg = Debug|Any CPU
		{7B1CE880-241D-4162-BBF9-4AB63255499A}.Debug|Any CPU.Build.0 = Debug|Any CPU
		{7B1CE880-241D-4162-BBF9-4AB63255499A}.Debug|ARM.ActiveCfg = Debug|Any CPU
		{7B1CE880-241D-4162-BBF9-4AB63255499A}.Debug|ARM.Build.0 = Debug|Any CPU
		{7B1CE880-241D-4162-BBF9-4AB63255499A}.Debug|ARM64.ActiveCfg = Debug|Any CPU
		{7B1CE880-241D-4162-BBF9-4AB63255499A}.Debug|ARM64.Build.0 = Debug|Any CPU
		{7B1CE880-241D-4162-BBF9-4AB63255499A}.Debug|x64.ActiveCfg = Debug|Any CPU
		{7B1CE880-241D-4162-BBF9-4AB63255499A}.Debug|x64.Build.0 = Debug|Any CPU
		{7B1CE880-241D-4162-BBF9-4AB63255499A}.Debug|x86.ActiveCfg = Debug|Any CPU
		{7B1CE880-241D-4162-BBF9-4AB63255499A}.Debug|x86.Build.0 = Debug|Any CPU
		{7B1CE880-241D-4162-BBF9-4AB63255499A}.Release|Any CPU.ActiveCfg = Release|Any CPU
		{7B1CE880-241D-4162-BBF9-4AB63255499A}.Release|Any CPU.Build.0 = Release|Any CPU
		{7B1CE880-241D-4162-BBF9-4AB63255499A}.Release|ARM.ActiveCfg = Release|Any CPU
		{7B1CE880-241D-4162-BBF9-4AB63255499A}.Release|ARM.Build.0 = Release|Any CPU
		{7B1CE880-241D-4162-BBF9-4AB63255499A}.Release|ARM64.ActiveCfg = Release|Any CPU
		{7B1CE880-241D-4162-BBF9-4AB63255499A}.Release|ARM64.Build.0 = Release|Any CPU
		{7B1CE880-241D-4162-BBF9-4AB63255499A}.Release|x64.ActiveCfg = Release|Any CPU
		{7B1CE880-241D-4162-BBF9-4AB63255499A}.Release|x64.Build.0 = Release|Any CPU
		{7B1CE880-241D-4162-BBF9-4AB63255499A}.Release|x86.ActiveCfg = Release|Any CPU
		{7B1CE880-241D-4162-BBF9-4AB63255499A}.Release|x86.Build.0 = Release|Any CPU
		{291F73E6-0E3B-4C2D-833F-620421E47916}.AppVeyor|Any CPU.ActiveCfg = Release|x64
		{291F73E6-0E3B-4C2D-833F-620421E47916}.AppVeyor|Any CPU.Build.0 = Release|x64
		{291F73E6-0E3B-4C2D-833F-620421E47916}.AppVeyor|Any CPU.Deploy.0 = Release|x64
		{291F73E6-0E3B-4C2D-833F-620421E47916}.AppVeyor|ARM.ActiveCfg = Release|ARM
		{291F73E6-0E3B-4C2D-833F-620421E47916}.AppVeyor|ARM.Build.0 = Release|ARM
		{291F73E6-0E3B-4C2D-833F-620421E47916}.AppVeyor|ARM.Deploy.0 = Release|ARM
		{291F73E6-0E3B-4C2D-833F-620421E47916}.AppVeyor|ARM64.ActiveCfg = Release|ARM64
		{291F73E6-0E3B-4C2D-833F-620421E47916}.AppVeyor|ARM64.Build.0 = Release|ARM64
		{291F73E6-0E3B-4C2D-833F-620421E47916}.AppVeyor|ARM64.Deploy.0 = Release|ARM64
		{291F73E6-0E3B-4C2D-833F-620421E47916}.AppVeyor|x64.ActiveCfg = Release|x64
		{291F73E6-0E3B-4C2D-833F-620421E47916}.AppVeyor|x64.Build.0 = Release|x64
		{291F73E6-0E3B-4C2D-833F-620421E47916}.AppVeyor|x64.Deploy.0 = Release|x64
		{291F73E6-0E3B-4C2D-833F-620421E47916}.AppVeyor|x86.ActiveCfg = Release|x86
		{291F73E6-0E3B-4C2D-833F-620421E47916}.AppVeyor|x86.Build.0 = Release|x86
		{291F73E6-0E3B-4C2D-833F-620421E47916}.AppVeyor|x86.Deploy.0 = Release|x86
		{291F73E6-0E3B-4C2D-833F-620421E47916}.Debug|Any CPU.ActiveCfg = Debug|x86
		{291F73E6-0E3B-4C2D-833F-620421E47916}.Debug|ARM.ActiveCfg = Debug|ARM
		{291F73E6-0E3B-4C2D-833F-620421E47916}.Debug|ARM.Build.0 = Debug|ARM
		{291F73E6-0E3B-4C2D-833F-620421E47916}.Debug|ARM.Deploy.0 = Debug|ARM
		{291F73E6-0E3B-4C2D-833F-620421E47916}.Debug|ARM64.ActiveCfg = Debug|ARM64
		{291F73E6-0E3B-4C2D-833F-620421E47916}.Debug|ARM64.Build.0 = Debug|ARM64
		{291F73E6-0E3B-4C2D-833F-620421E47916}.Debug|ARM64.Deploy.0 = Debug|ARM64
		{291F73E6-0E3B-4C2D-833F-620421E47916}.Debug|x64.ActiveCfg = Debug|x64
		{291F73E6-0E3B-4C2D-833F-620421E47916}.Debug|x64.Build.0 = Debug|x64
		{291F73E6-0E3B-4C2D-833F-620421E47916}.Debug|x64.Deploy.0 = Debug|x64
		{291F73E6-0E3B-4C2D-833F-620421E47916}.Debug|x86.ActiveCfg = Debug|x86
		{291F73E6-0E3B-4C2D-833F-620421E47916}.Debug|x86.Build.0 = Debug|x86
		{291F73E6-0E3B-4C2D-833F-620421E47916}.Debug|x86.Deploy.0 = Debug|x86
		{291F73E6-0E3B-4C2D-833F-620421E47916}.Release|Any CPU.ActiveCfg = Release|x86
		{291F73E6-0E3B-4C2D-833F-620421E47916}.Release|ARM.ActiveCfg = Release|ARM
		{291F73E6-0E3B-4C2D-833F-620421E47916}.Release|ARM.Build.0 = Release|ARM
		{291F73E6-0E3B-4C2D-833F-620421E47916}.Release|ARM.Deploy.0 = Release|ARM
		{291F73E6-0E3B-4C2D-833F-620421E47916}.Release|ARM64.ActiveCfg = Release|ARM64
		{291F73E6-0E3B-4C2D-833F-620421E47916}.Release|ARM64.Build.0 = Release|ARM64
		{291F73E6-0E3B-4C2D-833F-620421E47916}.Release|ARM64.Deploy.0 = Release|ARM64
		{291F73E6-0E3B-4C2D-833F-620421E47916}.Release|x64.ActiveCfg = Release|x64
		{291F73E6-0E3B-4C2D-833F-620421E47916}.Release|x64.Build.0 = Release|x64
		{291F73E6-0E3B-4C2D-833F-620421E47916}.Release|x64.Deploy.0 = Release|x64
		{291F73E6-0E3B-4C2D-833F-620421E47916}.Release|x86.ActiveCfg = Release|x86
		{291F73E6-0E3B-4C2D-833F-620421E47916}.Release|x86.Build.0 = Release|x86
		{291F73E6-0E3B-4C2D-833F-620421E47916}.Release|x86.Deploy.0 = Release|x86
		{9E75436C-4D36-49CE-A136-7E75090DC5BA}.AppVeyor|Any CPU.ActiveCfg = Release|Any CPU
		{9E75436C-4D36-49CE-A136-7E75090DC5BA}.AppVeyor|Any CPU.Build.0 = Release|Any CPU
		{9E75436C-4D36-49CE-A136-7E75090DC5BA}.AppVeyor|ARM.ActiveCfg = Release|Any CPU
		{9E75436C-4D36-49CE-A136-7E75090DC5BA}.AppVeyor|ARM.Build.0 = Release|Any CPU
		{9E75436C-4D36-49CE-A136-7E75090DC5BA}.AppVeyor|ARM64.ActiveCfg = Release|Any CPU
		{9E75436C-4D36-49CE-A136-7E75090DC5BA}.AppVeyor|ARM64.Build.0 = Release|Any CPU
		{9E75436C-4D36-49CE-A136-7E75090DC5BA}.AppVeyor|x64.ActiveCfg = Release|Any CPU
		{9E75436C-4D36-49CE-A136-7E75090DC5BA}.AppVeyor|x64.Build.0 = Release|Any CPU
		{9E75436C-4D36-49CE-A136-7E75090DC5BA}.AppVeyor|x86.ActiveCfg = Release|Any CPU
		{9E75436C-4D36-49CE-A136-7E75090DC5BA}.AppVeyor|x86.Build.0 = Release|Any CPU
		{9E75436C-4D36-49CE-A136-7E75090DC5BA}.Debug|Any CPU.ActiveCfg = Debug|Any CPU
		{9E75436C-4D36-49CE-A136-7E75090DC5BA}.Debug|Any CPU.Build.0 = Debug|Any CPU
		{9E75436C-4D36-49CE-A136-7E75090DC5BA}.Debug|ARM.ActiveCfg = Debug|Any CPU
		{9E75436C-4D36-49CE-A136-7E75090DC5BA}.Debug|ARM.Build.0 = Debug|Any CPU
		{9E75436C-4D36-49CE-A136-7E75090DC5BA}.Debug|ARM64.ActiveCfg = Debug|Any CPU
		{9E75436C-4D36-49CE-A136-7E75090DC5BA}.Debug|ARM64.Build.0 = Debug|Any CPU
		{9E75436C-4D36-49CE-A136-7E75090DC5BA}.Debug|x64.ActiveCfg = Debug|Any CPU
		{9E75436C-4D36-49CE-A136-7E75090DC5BA}.Debug|x64.Build.0 = Debug|Any CPU
		{9E75436C-4D36-49CE-A136-7E75090DC5BA}.Debug|x86.ActiveCfg = Debug|Any CPU
		{9E75436C-4D36-49CE-A136-7E75090DC5BA}.Debug|x86.Build.0 = Debug|Any CPU
		{9E75436C-4D36-49CE-A136-7E75090DC5BA}.Release|Any CPU.ActiveCfg = Release|Any CPU
		{9E75436C-4D36-49CE-A136-7E75090DC5BA}.Release|Any CPU.Build.0 = Release|Any CPU
		{9E75436C-4D36-49CE-A136-7E75090DC5BA}.Release|ARM.ActiveCfg = Release|Any CPU
		{9E75436C-4D36-49CE-A136-7E75090DC5BA}.Release|ARM.Build.0 = Release|Any CPU
		{9E75436C-4D36-49CE-A136-7E75090DC5BA}.Release|ARM64.ActiveCfg = Release|Any CPU
		{9E75436C-4D36-49CE-A136-7E75090DC5BA}.Release|ARM64.Build.0 = Release|Any CPU
		{9E75436C-4D36-49CE-A136-7E75090DC5BA}.Release|x64.ActiveCfg = Release|Any CPU
		{9E75436C-4D36-49CE-A136-7E75090DC5BA}.Release|x64.Build.0 = Release|Any CPU
		{9E75436C-4D36-49CE-A136-7E75090DC5BA}.Release|x86.ActiveCfg = Release|Any CPU
		{9E75436C-4D36-49CE-A136-7E75090DC5BA}.Release|x86.Build.0 = Release|Any CPU
		{5FA0CABD-0F5B-48E1-A608-BA0B4172E4BF}.AppVeyor|Any CPU.ActiveCfg = Release|Any CPU
		{5FA0CABD-0F5B-48E1-A608-BA0B4172E4BF}.AppVeyor|Any CPU.Build.0 = Release|Any CPU
		{5FA0CABD-0F5B-48E1-A608-BA0B4172E4BF}.AppVeyor|ARM.ActiveCfg = Release|Any CPU
		{5FA0CABD-0F5B-48E1-A608-BA0B4172E4BF}.AppVeyor|ARM.Build.0 = Release|Any CPU
		{5FA0CABD-0F5B-48E1-A608-BA0B4172E4BF}.AppVeyor|ARM64.ActiveCfg = Release|Any CPU
		{5FA0CABD-0F5B-48E1-A608-BA0B4172E4BF}.AppVeyor|ARM64.Build.0 = Release|Any CPU
		{5FA0CABD-0F5B-48E1-A608-BA0B4172E4BF}.AppVeyor|x64.ActiveCfg = Release|Any CPU
		{5FA0CABD-0F5B-48E1-A608-BA0B4172E4BF}.AppVeyor|x64.Build.0 = Release|Any CPU
		{5FA0CABD-0F5B-48E1-A608-BA0B4172E4BF}.AppVeyor|x86.ActiveCfg = Release|Any CPU
		{5FA0CABD-0F5B-48E1-A608-BA0B4172E4BF}.AppVeyor|x86.Build.0 = Release|Any CPU
		{5FA0CABD-0F5B-48E1-A608-BA0B4172E4BF}.Debug|Any CPU.ActiveCfg = Debug|Any CPU
		{5FA0CABD-0F5B-48E1-A608-BA0B4172E4BF}.Debug|Any CPU.Build.0 = Debug|Any CPU
		{5FA0CABD-0F5B-48E1-A608-BA0B4172E4BF}.Debug|ARM.ActiveCfg = Debug|Any CPU
		{5FA0CABD-0F5B-48E1-A608-BA0B4172E4BF}.Debug|ARM.Build.0 = Debug|Any CPU
		{5FA0CABD-0F5B-48E1-A608-BA0B4172E4BF}.Debug|ARM64.ActiveCfg = Debug|Any CPU
		{5FA0CABD-0F5B-48E1-A608-BA0B4172E4BF}.Debug|ARM64.Build.0 = Debug|Any CPU
		{5FA0CABD-0F5B-48E1-A608-BA0B4172E4BF}.Debug|x64.ActiveCfg = Debug|Any CPU
		{5FA0CABD-0F5B-48E1-A608-BA0B4172E4BF}.Debug|x64.Build.0 = Debug|Any CPU
		{5FA0CABD-0F5B-48E1-A608-BA0B4172E4BF}.Debug|x86.ActiveCfg = Debug|Any CPU
		{5FA0CABD-0F5B-48E1-A608-BA0B4172E4BF}.Debug|x86.Build.0 = Debug|Any CPU
		{5FA0CABD-0F5B-48E1-A608-BA0B4172E4BF}.Release|Any CPU.ActiveCfg = Release|Any CPU
		{5FA0CABD-0F5B-48E1-A608-BA0B4172E4BF}.Release|Any CPU.Build.0 = Release|Any CPU
		{5FA0CABD-0F5B-48E1-A608-BA0B4172E4BF}.Release|ARM.ActiveCfg = Release|Any CPU
		{5FA0CABD-0F5B-48E1-A608-BA0B4172E4BF}.Release|ARM.Build.0 = Release|Any CPU
		{5FA0CABD-0F5B-48E1-A608-BA0B4172E4BF}.Release|ARM64.ActiveCfg = Release|Any CPU
		{5FA0CABD-0F5B-48E1-A608-BA0B4172E4BF}.Release|ARM64.Build.0 = Release|Any CPU
		{5FA0CABD-0F5B-48E1-A608-BA0B4172E4BF}.Release|x64.ActiveCfg = Release|Any CPU
		{5FA0CABD-0F5B-48E1-A608-BA0B4172E4BF}.Release|x64.Build.0 = Release|Any CPU
		{5FA0CABD-0F5B-48E1-A608-BA0B4172E4BF}.Release|x86.ActiveCfg = Release|Any CPU
		{5FA0CABD-0F5B-48E1-A608-BA0B4172E4BF}.Release|x86.Build.0 = Release|Any CPU
		{23B1CCEC-A8D0-4568-80F5-CDF86AF2738D}.AppVeyor|Any CPU.ActiveCfg = Release|Any CPU
		{23B1CCEC-A8D0-4568-80F5-CDF86AF2738D}.AppVeyor|Any CPU.Build.0 = Release|Any CPU
		{23B1CCEC-A8D0-4568-80F5-CDF86AF2738D}.AppVeyor|ARM.ActiveCfg = Release|Any CPU
		{23B1CCEC-A8D0-4568-80F5-CDF86AF2738D}.AppVeyor|ARM.Build.0 = Release|Any CPU
		{23B1CCEC-A8D0-4568-80F5-CDF86AF2738D}.AppVeyor|ARM64.ActiveCfg = Release|Any CPU
		{23B1CCEC-A8D0-4568-80F5-CDF86AF2738D}.AppVeyor|ARM64.Build.0 = Release|Any CPU
		{23B1CCEC-A8D0-4568-80F5-CDF86AF2738D}.AppVeyor|x64.ActiveCfg = Release|Any CPU
		{23B1CCEC-A8D0-4568-80F5-CDF86AF2738D}.AppVeyor|x64.Build.0 = Release|Any CPU
		{23B1CCEC-A8D0-4568-80F5-CDF86AF2738D}.AppVeyor|x86.ActiveCfg = Release|Any CPU
		{23B1CCEC-A8D0-4568-80F5-CDF86AF2738D}.AppVeyor|x86.Build.0 = Release|Any CPU
		{23B1CCEC-A8D0-4568-80F5-CDF86AF2738D}.Debug|Any CPU.ActiveCfg = Debug|Any CPU
		{23B1CCEC-A8D0-4568-80F5-CDF86AF2738D}.Debug|Any CPU.Build.0 = Debug|Any CPU
		{23B1CCEC-A8D0-4568-80F5-CDF86AF2738D}.Debug|ARM.ActiveCfg = Debug|Any CPU
		{23B1CCEC-A8D0-4568-80F5-CDF86AF2738D}.Debug|ARM.Build.0 = Debug|Any CPU
		{23B1CCEC-A8D0-4568-80F5-CDF86AF2738D}.Debug|ARM64.ActiveCfg = Debug|Any CPU
		{23B1CCEC-A8D0-4568-80F5-CDF86AF2738D}.Debug|ARM64.Build.0 = Debug|Any CPU
		{23B1CCEC-A8D0-4568-80F5-CDF86AF2738D}.Debug|x64.ActiveCfg = Debug|Any CPU
		{23B1CCEC-A8D0-4568-80F5-CDF86AF2738D}.Debug|x64.Build.0 = Debug|Any CPU
		{23B1CCEC-A8D0-4568-80F5-CDF86AF2738D}.Debug|x86.ActiveCfg = Debug|Any CPU
		{23B1CCEC-A8D0-4568-80F5-CDF86AF2738D}.Debug|x86.Build.0 = Debug|Any CPU
		{23B1CCEC-A8D0-4568-80F5-CDF86AF2738D}.Release|Any CPU.ActiveCfg = Release|Any CPU
		{23B1CCEC-A8D0-4568-80F5-CDF86AF2738D}.Release|Any CPU.Build.0 = Release|Any CPU
		{23B1CCEC-A8D0-4568-80F5-CDF86AF2738D}.Release|ARM.ActiveCfg = Release|Any CPU
		{23B1CCEC-A8D0-4568-80F5-CDF86AF2738D}.Release|ARM.Build.0 = Release|Any CPU
		{23B1CCEC-A8D0-4568-80F5-CDF86AF2738D}.Release|ARM64.ActiveCfg = Release|Any CPU
		{23B1CCEC-A8D0-4568-80F5-CDF86AF2738D}.Release|ARM64.Build.0 = Release|Any CPU
		{23B1CCEC-A8D0-4568-80F5-CDF86AF2738D}.Release|x64.ActiveCfg = Release|Any CPU
		{23B1CCEC-A8D0-4568-80F5-CDF86AF2738D}.Release|x64.Build.0 = Release|Any CPU
		{23B1CCEC-A8D0-4568-80F5-CDF86AF2738D}.Release|x86.ActiveCfg = Release|Any CPU
		{23B1CCEC-A8D0-4568-80F5-CDF86AF2738D}.Release|x86.Build.0 = Release|Any CPU
		{EEEA62A9-7F91-485F-8062-E7966094878B}.AppVeyor|Any CPU.ActiveCfg = Release|Any CPU
		{EEEA62A9-7F91-485F-8062-E7966094878B}.AppVeyor|Any CPU.Build.0 = Release|Any CPU
		{EEEA62A9-7F91-485F-8062-E7966094878B}.AppVeyor|ARM.ActiveCfg = Release|Any CPU
		{EEEA62A9-7F91-485F-8062-E7966094878B}.AppVeyor|ARM.Build.0 = Release|Any CPU
		{EEEA62A9-7F91-485F-8062-E7966094878B}.AppVeyor|ARM64.ActiveCfg = Release|Any CPU
		{EEEA62A9-7F91-485F-8062-E7966094878B}.AppVeyor|ARM64.Build.0 = Release|Any CPU
		{EEEA62A9-7F91-485F-8062-E7966094878B}.AppVeyor|x64.ActiveCfg = Release|Any CPU
		{EEEA62A9-7F91-485F-8062-E7966094878B}.AppVeyor|x64.Build.0 = Release|Any CPU
		{EEEA62A9-7F91-485F-8062-E7966094878B}.AppVeyor|x86.ActiveCfg = Release|Any CPU
		{EEEA62A9-7F91-485F-8062-E7966094878B}.AppVeyor|x86.Build.0 = Release|Any CPU
		{EEEA62A9-7F91-485F-8062-E7966094878B}.Debug|Any CPU.ActiveCfg = Debug|Any CPU
		{EEEA62A9-7F91-485F-8062-E7966094878B}.Debug|Any CPU.Build.0 = Debug|Any CPU
		{EEEA62A9-7F91-485F-8062-E7966094878B}.Debug|ARM.ActiveCfg = Debug|Any CPU
		{EEEA62A9-7F91-485F-8062-E7966094878B}.Debug|ARM.Build.0 = Debug|Any CPU
		{EEEA62A9-7F91-485F-8062-E7966094878B}.Debug|ARM64.ActiveCfg = Debug|Any CPU
		{EEEA62A9-7F91-485F-8062-E7966094878B}.Debug|ARM64.Build.0 = Debug|Any CPU
		{EEEA62A9-7F91-485F-8062-E7966094878B}.Debug|x64.ActiveCfg = Debug|Any CPU
		{EEEA62A9-7F91-485F-8062-E7966094878B}.Debug|x64.Build.0 = Debug|Any CPU
		{EEEA62A9-7F91-485F-8062-E7966094878B}.Debug|x86.ActiveCfg = Debug|Any CPU
		{EEEA62A9-7F91-485F-8062-E7966094878B}.Debug|x86.Build.0 = Debug|Any CPU
		{EEEA62A9-7F91-485F-8062-E7966094878B}.Release|Any CPU.ActiveCfg = Release|Any CPU
		{EEEA62A9-7F91-485F-8062-E7966094878B}.Release|Any CPU.Build.0 = Release|Any CPU
		{EEEA62A9-7F91-485F-8062-E7966094878B}.Release|ARM.ActiveCfg = Release|Any CPU
		{EEEA62A9-7F91-485F-8062-E7966094878B}.Release|ARM.Build.0 = Release|Any CPU
		{EEEA62A9-7F91-485F-8062-E7966094878B}.Release|ARM64.ActiveCfg = Release|Any CPU
		{EEEA62A9-7F91-485F-8062-E7966094878B}.Release|ARM64.Build.0 = Release|Any CPU
		{EEEA62A9-7F91-485F-8062-E7966094878B}.Release|x64.ActiveCfg = Release|Any CPU
		{EEEA62A9-7F91-485F-8062-E7966094878B}.Release|x64.Build.0 = Release|Any CPU
		{EEEA62A9-7F91-485F-8062-E7966094878B}.Release|x86.ActiveCfg = Release|Any CPU
		{EEEA62A9-7F91-485F-8062-E7966094878B}.Release|x86.Build.0 = Release|Any CPU
		{65286833-D2A7-4B55-9F01-6DC0B65BAFD2}.AppVeyor|Any CPU.ActiveCfg = Release|Any CPU
		{65286833-D2A7-4B55-9F01-6DC0B65BAFD2}.AppVeyor|Any CPU.Build.0 = Release|Any CPU
		{65286833-D2A7-4B55-9F01-6DC0B65BAFD2}.AppVeyor|ARM.ActiveCfg = Release|Any CPU
		{65286833-D2A7-4B55-9F01-6DC0B65BAFD2}.AppVeyor|ARM.Build.0 = Release|Any CPU
		{65286833-D2A7-4B55-9F01-6DC0B65BAFD2}.AppVeyor|ARM64.ActiveCfg = Release|Any CPU
		{65286833-D2A7-4B55-9F01-6DC0B65BAFD2}.AppVeyor|ARM64.Build.0 = Release|Any CPU
		{65286833-D2A7-4B55-9F01-6DC0B65BAFD2}.AppVeyor|x64.ActiveCfg = Release|Any CPU
		{65286833-D2A7-4B55-9F01-6DC0B65BAFD2}.AppVeyor|x64.Build.0 = Release|Any CPU
		{65286833-D2A7-4B55-9F01-6DC0B65BAFD2}.AppVeyor|x86.ActiveCfg = Release|Any CPU
		{65286833-D2A7-4B55-9F01-6DC0B65BAFD2}.AppVeyor|x86.Build.0 = Release|Any CPU
		{65286833-D2A7-4B55-9F01-6DC0B65BAFD2}.Debug|Any CPU.ActiveCfg = Debug|Any CPU
		{65286833-D2A7-4B55-9F01-6DC0B65BAFD2}.Debug|Any CPU.Build.0 = Debug|Any CPU
		{65286833-D2A7-4B55-9F01-6DC0B65BAFD2}.Debug|ARM.ActiveCfg = Debug|Any CPU
		{65286833-D2A7-4B55-9F01-6DC0B65BAFD2}.Debug|ARM.Build.0 = Debug|Any CPU
		{65286833-D2A7-4B55-9F01-6DC0B65BAFD2}.Debug|ARM64.ActiveCfg = Debug|Any CPU
		{65286833-D2A7-4B55-9F01-6DC0B65BAFD2}.Debug|ARM64.Build.0 = Debug|Any CPU
		{65286833-D2A7-4B55-9F01-6DC0B65BAFD2}.Debug|x64.ActiveCfg = Debug|Any CPU
		{65286833-D2A7-4B55-9F01-6DC0B65BAFD2}.Debug|x64.Build.0 = Debug|Any CPU
		{65286833-D2A7-4B55-9F01-6DC0B65BAFD2}.Debug|x86.ActiveCfg = Debug|Any CPU
		{65286833-D2A7-4B55-9F01-6DC0B65BAFD2}.Debug|x86.Build.0 = Debug|Any CPU
		{65286833-D2A7-4B55-9F01-6DC0B65BAFD2}.Release|Any CPU.ActiveCfg = Release|Any CPU
		{65286833-D2A7-4B55-9F01-6DC0B65BAFD2}.Release|Any CPU.Build.0 = Release|Any CPU
		{65286833-D2A7-4B55-9F01-6DC0B65BAFD2}.Release|ARM.ActiveCfg = Release|Any CPU
		{65286833-D2A7-4B55-9F01-6DC0B65BAFD2}.Release|ARM.Build.0 = Release|Any CPU
		{65286833-D2A7-4B55-9F01-6DC0B65BAFD2}.Release|ARM64.ActiveCfg = Release|Any CPU
		{65286833-D2A7-4B55-9F01-6DC0B65BAFD2}.Release|ARM64.Build.0 = Release|Any CPU
		{65286833-D2A7-4B55-9F01-6DC0B65BAFD2}.Release|x64.ActiveCfg = Release|Any CPU
		{65286833-D2A7-4B55-9F01-6DC0B65BAFD2}.Release|x64.Build.0 = Release|Any CPU
		{65286833-D2A7-4B55-9F01-6DC0B65BAFD2}.Release|x86.ActiveCfg = Release|Any CPU
		{65286833-D2A7-4B55-9F01-6DC0B65BAFD2}.Release|x86.Build.0 = Release|Any CPU
		{0E7A6B6D-9246-40D7-884D-80FC3A231763}.AppVeyor|Any CPU.ActiveCfg = Release|Any CPU
		{0E7A6B6D-9246-40D7-884D-80FC3A231763}.AppVeyor|Any CPU.Build.0 = Release|Any CPU
		{0E7A6B6D-9246-40D7-884D-80FC3A231763}.AppVeyor|ARM.ActiveCfg = Release|Any CPU
		{0E7A6B6D-9246-40D7-884D-80FC3A231763}.AppVeyor|ARM.Build.0 = Release|Any CPU
		{0E7A6B6D-9246-40D7-884D-80FC3A231763}.AppVeyor|ARM64.ActiveCfg = Release|Any CPU
		{0E7A6B6D-9246-40D7-884D-80FC3A231763}.AppVeyor|ARM64.Build.0 = Release|Any CPU
		{0E7A6B6D-9246-40D7-884D-80FC3A231763}.AppVeyor|x64.ActiveCfg = Release|Any CPU
		{0E7A6B6D-9246-40D7-884D-80FC3A231763}.AppVeyor|x64.Build.0 = Release|Any CPU
		{0E7A6B6D-9246-40D7-884D-80FC3A231763}.AppVeyor|x86.ActiveCfg = Release|Any CPU
		{0E7A6B6D-9246-40D7-884D-80FC3A231763}.AppVeyor|x86.Build.0 = Release|Any CPU
		{0E7A6B6D-9246-40D7-884D-80FC3A231763}.Debug|Any CPU.ActiveCfg = Debug|Any CPU
		{0E7A6B6D-9246-40D7-884D-80FC3A231763}.Debug|Any CPU.Build.0 = Debug|Any CPU
		{0E7A6B6D-9246-40D7-884D-80FC3A231763}.Debug|ARM.ActiveCfg = Debug|Any CPU
		{0E7A6B6D-9246-40D7-884D-80FC3A231763}.Debug|ARM.Build.0 = Debug|Any CPU
		{0E7A6B6D-9246-40D7-884D-80FC3A231763}.Debug|ARM64.ActiveCfg = Debug|Any CPU
		{0E7A6B6D-9246-40D7-884D-80FC3A231763}.Debug|ARM64.Build.0 = Debug|Any CPU
		{0E7A6B6D-9246-40D7-884D-80FC3A231763}.Debug|x64.ActiveCfg = Debug|Any CPU
		{0E7A6B6D-9246-40D7-884D-80FC3A231763}.Debug|x64.Build.0 = Debug|Any CPU
		{0E7A6B6D-9246-40D7-884D-80FC3A231763}.Debug|x86.ActiveCfg = Debug|Any CPU
		{0E7A6B6D-9246-40D7-884D-80FC3A231763}.Debug|x86.Build.0 = Debug|Any CPU
		{0E7A6B6D-9246-40D7-884D-80FC3A231763}.Release|Any CPU.ActiveCfg = Release|Any CPU
		{0E7A6B6D-9246-40D7-884D-80FC3A231763}.Release|Any CPU.Build.0 = Release|Any CPU
		{0E7A6B6D-9246-40D7-884D-80FC3A231763}.Release|ARM.ActiveCfg = Release|Any CPU
		{0E7A6B6D-9246-40D7-884D-80FC3A231763}.Release|ARM.Build.0 = Release|Any CPU
		{0E7A6B6D-9246-40D7-884D-80FC3A231763}.Release|ARM64.ActiveCfg = Release|Any CPU
		{0E7A6B6D-9246-40D7-884D-80FC3A231763}.Release|ARM64.Build.0 = Release|Any CPU
		{0E7A6B6D-9246-40D7-884D-80FC3A231763}.Release|x64.ActiveCfg = Release|Any CPU
		{0E7A6B6D-9246-40D7-884D-80FC3A231763}.Release|x64.Build.0 = Release|Any CPU
		{0E7A6B6D-9246-40D7-884D-80FC3A231763}.Release|x86.ActiveCfg = Release|Any CPU
		{0E7A6B6D-9246-40D7-884D-80FC3A231763}.Release|x86.Build.0 = Release|Any CPU
		{FCF4A871-D51F-4CCF-837E-5D550B39A888}.AppVeyor|Any CPU.ActiveCfg = Release|Any CPU
		{FCF4A871-D51F-4CCF-837E-5D550B39A888}.AppVeyor|Any CPU.Build.0 = Release|Any CPU
		{FCF4A871-D51F-4CCF-837E-5D550B39A888}.AppVeyor|ARM.ActiveCfg = Release|Any CPU
		{FCF4A871-D51F-4CCF-837E-5D550B39A888}.AppVeyor|ARM.Build.0 = Release|Any CPU
		{FCF4A871-D51F-4CCF-837E-5D550B39A888}.AppVeyor|ARM64.ActiveCfg = Release|Any CPU
		{FCF4A871-D51F-4CCF-837E-5D550B39A888}.AppVeyor|ARM64.Build.0 = Release|Any CPU
		{FCF4A871-D51F-4CCF-837E-5D550B39A888}.AppVeyor|x64.ActiveCfg = Release|Any CPU
		{FCF4A871-D51F-4CCF-837E-5D550B39A888}.AppVeyor|x64.Build.0 = Release|Any CPU
		{FCF4A871-D51F-4CCF-837E-5D550B39A888}.AppVeyor|x86.ActiveCfg = Release|Any CPU
		{FCF4A871-D51F-4CCF-837E-5D550B39A888}.AppVeyor|x86.Build.0 = Release|Any CPU
		{FCF4A871-D51F-4CCF-837E-5D550B39A888}.Debug|Any CPU.ActiveCfg = Debug|Any CPU
		{FCF4A871-D51F-4CCF-837E-5D550B39A888}.Debug|Any CPU.Build.0 = Debug|Any CPU
		{FCF4A871-D51F-4CCF-837E-5D550B39A888}.Debug|ARM.ActiveCfg = Debug|Any CPU
		{FCF4A871-D51F-4CCF-837E-5D550B39A888}.Debug|ARM.Build.0 = Debug|Any CPU
		{FCF4A871-D51F-4CCF-837E-5D550B39A888}.Debug|ARM64.ActiveCfg = Debug|Any CPU
		{FCF4A871-D51F-4CCF-837E-5D550B39A888}.Debug|ARM64.Build.0 = Debug|Any CPU
		{FCF4A871-D51F-4CCF-837E-5D550B39A888}.Debug|x64.ActiveCfg = Debug|Any CPU
		{FCF4A871-D51F-4CCF-837E-5D550B39A888}.Debug|x64.Build.0 = Debug|Any CPU
		{FCF4A871-D51F-4CCF-837E-5D550B39A888}.Debug|x86.ActiveCfg = Debug|Any CPU
		{FCF4A871-D51F-4CCF-837E-5D550B39A888}.Debug|x86.Build.0 = Debug|Any CPU
		{FCF4A871-D51F-4CCF-837E-5D550B39A888}.Release|Any CPU.ActiveCfg = Release|Any CPU
		{FCF4A871-D51F-4CCF-837E-5D550B39A888}.Release|Any CPU.Build.0 = Release|Any CPU
		{FCF4A871-D51F-4CCF-837E-5D550B39A888}.Release|ARM.ActiveCfg = Release|Any CPU
		{FCF4A871-D51F-4CCF-837E-5D550B39A888}.Release|ARM.Build.0 = Release|Any CPU
		{FCF4A871-D51F-4CCF-837E-5D550B39A888}.Release|ARM64.ActiveCfg = Release|Any CPU
		{FCF4A871-D51F-4CCF-837E-5D550B39A888}.Release|ARM64.Build.0 = Release|Any CPU
		{FCF4A871-D51F-4CCF-837E-5D550B39A888}.Release|x64.ActiveCfg = Release|Any CPU
		{FCF4A871-D51F-4CCF-837E-5D550B39A888}.Release|x64.Build.0 = Release|Any CPU
		{FCF4A871-D51F-4CCF-837E-5D550B39A888}.Release|x86.ActiveCfg = Release|Any CPU
		{FCF4A871-D51F-4CCF-837E-5D550B39A888}.Release|x86.Build.0 = Release|Any CPU
		{87BB0EA0-A04A-4932-B240-1E823AEE51D1}.AppVeyor|Any CPU.ActiveCfg = Release|Any CPU
		{87BB0EA0-A04A-4932-B240-1E823AEE51D1}.AppVeyor|Any CPU.Build.0 = Release|Any CPU
		{87BB0EA0-A04A-4932-B240-1E823AEE51D1}.AppVeyor|ARM.ActiveCfg = Release|Any CPU
		{87BB0EA0-A04A-4932-B240-1E823AEE51D1}.AppVeyor|ARM.Build.0 = Release|Any CPU
		{87BB0EA0-A04A-4932-B240-1E823AEE51D1}.AppVeyor|ARM64.ActiveCfg = Release|Any CPU
		{87BB0EA0-A04A-4932-B240-1E823AEE51D1}.AppVeyor|ARM64.Build.0 = Release|Any CPU
		{87BB0EA0-A04A-4932-B240-1E823AEE51D1}.AppVeyor|x64.ActiveCfg = Release|Any CPU
		{87BB0EA0-A04A-4932-B240-1E823AEE51D1}.AppVeyor|x64.Build.0 = Release|Any CPU
		{87BB0EA0-A04A-4932-B240-1E823AEE51D1}.AppVeyor|x86.ActiveCfg = Release|Any CPU
		{87BB0EA0-A04A-4932-B240-1E823AEE51D1}.AppVeyor|x86.Build.0 = Release|Any CPU
		{87BB0EA0-A04A-4932-B240-1E823AEE51D1}.Debug|Any CPU.ActiveCfg = Debug|Any CPU
		{87BB0EA0-A04A-4932-B240-1E823AEE51D1}.Debug|Any CPU.Build.0 = Debug|Any CPU
		{87BB0EA0-A04A-4932-B240-1E823AEE51D1}.Debug|ARM.ActiveCfg = Debug|Any CPU
		{87BB0EA0-A04A-4932-B240-1E823AEE51D1}.Debug|ARM.Build.0 = Debug|Any CPU
		{87BB0EA0-A04A-4932-B240-1E823AEE51D1}.Debug|ARM64.ActiveCfg = Debug|Any CPU
		{87BB0EA0-A04A-4932-B240-1E823AEE51D1}.Debug|ARM64.Build.0 = Debug|Any CPU
		{87BB0EA0-A04A-4932-B240-1E823AEE51D1}.Debug|x64.ActiveCfg = Debug|Any CPU
		{87BB0EA0-A04A-4932-B240-1E823AEE51D1}.Debug|x64.Build.0 = Debug|Any CPU
		{87BB0EA0-A04A-4932-B240-1E823AEE51D1}.Debug|x86.ActiveCfg = Debug|Any CPU
		{87BB0EA0-A04A-4932-B240-1E823AEE51D1}.Debug|x86.Build.0 = Debug|Any CPU
		{87BB0EA0-A04A-4932-B240-1E823AEE51D1}.Release|Any CPU.ActiveCfg = Release|Any CPU
		{87BB0EA0-A04A-4932-B240-1E823AEE51D1}.Release|Any CPU.Build.0 = Release|Any CPU
		{87BB0EA0-A04A-4932-B240-1E823AEE51D1}.Release|ARM.ActiveCfg = Release|Any CPU
		{87BB0EA0-A04A-4932-B240-1E823AEE51D1}.Release|ARM.Build.0 = Release|Any CPU
		{87BB0EA0-A04A-4932-B240-1E823AEE51D1}.Release|ARM64.ActiveCfg = Release|Any CPU
		{87BB0EA0-A04A-4932-B240-1E823AEE51D1}.Release|ARM64.Build.0 = Release|Any CPU
		{87BB0EA0-A04A-4932-B240-1E823AEE51D1}.Release|x64.ActiveCfg = Release|Any CPU
		{87BB0EA0-A04A-4932-B240-1E823AEE51D1}.Release|x64.Build.0 = Release|Any CPU
		{87BB0EA0-A04A-4932-B240-1E823AEE51D1}.Release|x86.ActiveCfg = Release|Any CPU
		{87BB0EA0-A04A-4932-B240-1E823AEE51D1}.Release|x86.Build.0 = Release|Any CPU
	EndGlobalSection
	GlobalSection(SolutionProperties) = preSolution
		HideSolutionNode = FALSE
	EndGlobalSection
	GlobalSection(NestedProjects) = preSolution
		{3A6FA497-D0E8-466D-86FE-EC803F8C3E30} = {077A0691-4ED6-4048-B106-9CE84EB9BD29}
		{E95381B8-BABC-40AA-8F43-742960C31E39} = {3A6FA497-D0E8-466D-86FE-EC803F8C3E30}
		{CD2BEFF3-C093-4F54-8AF0-C68F4298E704} = {077A0691-4ED6-4048-B106-9CE84EB9BD29}
		{7B1CE880-241D-4162-BBF9-4AB63255499A} = {CD2BEFF3-C093-4F54-8AF0-C68F4298E704}
		{291F73E6-0E3B-4C2D-833F-620421E47916} = {CD2BEFF3-C093-4F54-8AF0-C68F4298E704}
		{A50826DD-DB94-4CEC-A943-4481E5E9D464} = {077A0691-4ED6-4048-B106-9CE84EB9BD29}
		{9E75436C-4D36-49CE-A136-7E75090DC5BA} = {A50826DD-DB94-4CEC-A943-4481E5E9D464}
		{7B164D8F-EAB3-4AA7-BB72-02AD0DB69370} = {077A0691-4ED6-4048-B106-9CE84EB9BD29}
		{5FA0CABD-0F5B-48E1-A608-BA0B4172E4BF} = {7B164D8F-EAB3-4AA7-BB72-02AD0DB69370}
		{EEEA62A9-7F91-485F-8062-E7966094878B} = {7B164D8F-EAB3-4AA7-BB72-02AD0DB69370}
		{B59EB58A-2F15-486B-AAB4-1BC2AFE8F497} = {077A0691-4ED6-4048-B106-9CE84EB9BD29}
		{65286833-D2A7-4B55-9F01-6DC0B65BAFD2} = {B59EB58A-2F15-486B-AAB4-1BC2AFE8F497}
		{FCF4A871-D51F-4CCF-837E-5D550B39A888} = {7B164D8F-EAB3-4AA7-BB72-02AD0DB69370}
	EndGlobalSection
	GlobalSection(ExtensibilityGlobals) = postSolution
		SolutionGuid = {CFF7C2C2-E3E3-4D00-87ED-681E8F9E04E2}
	EndGlobalSection
EndGlobal
